github.com/PortobelloAuth/go-projectusat v0.0.0-20260908010727-76881c20b857 h1:aI3Emq8Z4BLfmO63LulEOJfTNnt3mxS1NcZ/PiJ0tsA=
github.com/PortobelloAuth/go-projectusat v0.0.0-20260908010727-76881c20b857/go.mod h1:Vb/jmOZHZx7X9CaIu3R0ZVDpqvNITfDS/jS1ZbgRhFI=
github.com/anyascii/go v0.3.3 h1:A3BhW92hXPYPb8Y1+zLOip8xjSxNcdl1FaxzTmFxrhs=
github.com/anyascii/go v0.3.3/go.mod h1:HDvbMmSpqJyIe+xtSkHmAYTjc8PzvO3l1Jmgx/IFUPs=
github.com/bits-and-blooms/bitset v1.24.2/go.mod h1:7hO7Gc7Pp1vODcmWvKMRA9BNmbv6a/7QIWpPxHddWR8=
github.com/bits-and-blooms/bitset v1.25.0 h1:0Ro0qF4abCkM6SqWPVj29sFhAbMPAZpaDD7xhJ10beM=
github.com/bits-and-blooms/bitset v1.25.0/go.mod h1:7hO7Gc7Pp1vODcmWvKMRA9BNmbv6a/7QIWpPxHddWR8=
github.com/bits-and-blooms/bloom/v3 v3.7.1 h1:WXovk4TRKZttAMJfoQx6K2DM0zNIt8w+c67UqO+etV0=
github.com/bits-and-blooms/bloom/v3 v3.7.1/go.mod h1:rZzYLLje2dfzXfAkJNxQQHsKurAyK55KUnL43Euk0hU=
github.com/hbollon/go-edlib v1.7.0 h1:Jt3AtZ+AdgtJhzkrCFvkbdbNL3KCqZlGioLnUfwsxeU=
github.com/hbollon/go-edlib v1.7.0/go.mod h1:wnt6o6EIVEzUfgbUZY7BerzQ2uvzp354qmS2xaLkrhM=
github.com/poetic-systems/addresstables v0.0.0-20260905190649-4161ec4b8528 h1:N/TVFlCUKXfSsrBo3yUnCNRrP25B3iOP3yhyUTiTCok=
github.com/poetic-systems/addresstables v0.0.0-20260905190649-4161ec4b8528/go.mod h1:0+0MslI2VD30//JsNgvjPLz04GiV6YEsFE2pni512Fs=
github.com/poetic-systems/zipcity v0.0.0-20260906003728-8cf6068b6bf3 h1:c+EHvBUlFWXas12ZN9qlRNFt++4GW+OtlEcj4VF/1dI=
github.com/poetic-systems/zipcity v0.0.0-20260906003728-8cf6068b6bf3/go.mod h1:o6P0lNkWF8Cfxdw56xF3dCW17I9cWRAlaYi+ZaBZmm4=
github.com/twmb/murmur3 v1.1.8 h1:8Yt9taO/WN3l08xErzjeschgZU2QSrwm1kclYq+0aRg=
github.com/twmb/murmur3 v1.1.8/go.mod h1:Qq/R7NUyOfr65zD+6Q5IHKsJLwP7exErjN6lyyq3OSQ=
golang.org/x/text v0.39.0 h1:UbZz4pLOvn600D6Oh6GGEI6VAmndrEBLv8/6BEXzyus=
golang.org/x/text v0.39.0/go.mod h1:3UwRclnC2g0TU9x8PZiyfOajCd1zaUNHF9cvqcQZ+ZM=
